
Microsoft Visual Studio Solution File, Format Version 12.00
# Visual Studio Version 16
VisualStudioVersion = 16.0.31613.86
MinimumVisualStudioVersion = 10.0.40219.1
Project("{FAE04EC0-301F-11D3-BF4B-00C04F79EFBC}") = "ConsoleVisuals", "ConsoleVisuals\ConsoleVisuals.csproj", "{A2BBC30C-6C51-4E80-BEC5-8B79655A147A}"
EndProject
Global
	GlobalSection(SolutionConfigurationPlatforms) = preSolution
		Debug|Any CPU = Debug|Any CPU
		Release|Any CPU = Release|Any CPU
	EndGlobalSection
	GlobalSection(ProjectConfigurationPlatforms) = postSolution
		{A2BBC30C-6C51-4E80-BEC5-8B79655A147A}.Debug|Any CPU.ActiveCfg = Debug|Any CPU
		{A2BBC30C-6C51-4E80-BEC5-8B79655A147A}.Debug|Any CPU.Build.0 = Debug|Any CPU
		{A2BBC30C-6C51-4E80-BEC5-8B79655A147A}.Release|Any CPU.ActiveCfg = Release|Any CPU
		{A2BBC30C-6C51-4E80-BEC5-8B79655A147A}.Release|Any CPU.Build.0 = Release|Any CPU
	EndGlobalSection
	GlobalSection(SolutionProperties) = preSolution
		HideSolutionNode = FALSE
	EndGlobalSection
	GlobalSection(ExtensibilityGlobals) = postSolution
		SolutionGuid = {C6814F4D-322B-4EDF-8ACD-0EE13B005790}
	EndGlobalSection
EndGlobal
