
Microsoft Visual Studio Solution File, Format Version 12.00
# Visual Studio Version 16
VisualStudioVersion = 16.0.31613.86
MinimumVisualStudioVersion = 10.0.40219.1
Project("{FAE04EC0-301F-11D3-BF4B-00C04F79EFBC}") = "Properties", "Properties\Properties.csproj", "{CEB0B422-2257-48C8-9441-1A504F5ED7F8}"
EndProject
Global
	GlobalSection(SolutionConfigurationPlatforms) = preSolution
		Debug|Any CPU = Debug|Any CPU
		Release|Any CPU = Release|Any CPU
	EndGlobalSection
	GlobalSection(ProjectConfigurationPlatforms) = postSolution
		{CEB0B422-2257-48C8-9441-1A504F5ED7F8}.Debug|Any CPU.ActiveCfg = Debug|Any CPU
		{CEB0B422-2257-48C8-9441-1A504F5ED7F8}.Debug|Any CPU.Build.0 = Debug|Any CPU
		{CEB0B422-2257-48C8-9441-1A504F5ED7F8}.Release|Any CPU.ActiveCfg = Release|Any CPU
		{CEB0B422-2257-48C8-9441-1A504F5ED7F8}.Release|Any CPU.Build.0 = Release|Any CPU
	EndGlobalSection
	GlobalSection(SolutionProperties) = preSolution
		HideSolutionNode = FALSE
	EndGlobalSection
	GlobalSection(ExtensibilityGlobals) = postSolution
		SolutionGuid = {95B966D9-AE92-42A5-B904-FADFEFA79A8B}
	EndGlobalSection
EndGlobal
